{
  "name": "oni",
  "lockfileVersion": 2,
  "requires": true,
  "packages": {
    "": {
      "dependencies": {
        "gsap": "^3.11.4",
        "scroll-out": "^2.2.12"
      }
    },
    "node_modules/gsap": {
      "version": "3.11.4",
      "resolved": "https://registry.npmjs.org/gsap/-/gsap-3.11.4.tgz",
      "integrity": "sha512-McHhEguHyExMMnjqKA8G+7TvxmlKQGMbjgwAilnFe1e4id7V/tFveRQ2YMZhTYu0oxHGWvbPltdVYQOu3z1SCA=="
    },
    "node_modules/scroll-out": {
      "version": "2.2.12",
      "resolved": "https://registry.npmjs.org/scroll-out/-/scroll-out-2.2.12.tgz",
      "integrity": "sha512-BPWQJat8mmcjQCq+l4DsibBopkmQQb5ngPJ6T9XRxRl86/LJo7V+0d3Sjd9fxzIJkZmkjoGxEAam+Urvem8VRw=="
    }
  },
  "dependencies": {
    "gsap": {
      "version": "3.11.4",
      "resolved": "https://registry.npmjs.org/gsap/-/gsap-3.11.4.tgz",
      "integrity": "sha512-McHhEguHyExMMnjqKA8G+7TvxmlKQGMbjgwAilnFe1e4id7V/tFveRQ2YMZhTYu0oxHGWvbPltdVYQOu3z1SCA=="
    },
    "scroll-out": {
      "version": "2.2.12",
      "resolved": "https://registry.npmjs.org/scroll-out/-/scroll-out-2.2.12.tgz",
      "integrity": "sha512-BPWQJat8mmcjQCq+l4DsibBopkmQQb5ngPJ6T9XRxRl86/LJo7V+0d3Sjd9fxzIJkZmkjoGxEAam+Urvem8VRw=="
    }
  }
}
